
Microsoft Visual Studio Solution File, Format Version 12.00
# Visual Studio Version 17
VisualStudioVersion = 17.8.34511.84
MinimumVisualStudioVersion = 10.0.40219.1
Project("{FAE04EC0-301F-11D3-BF4B-00C04F79EFBC}") = "COMP003.Assignment4", "COMP003.Assignment4\COMP003.Assignment4.csproj", "{FA052CBA-1498-4B35-A218-F76827A22D7F}"
EndProject
Global
	GlobalSection(SolutionConfigurationPlatforms) = preSolution
		Debug|Any CPU = Debug|Any CPU
		Release|Any CPU = Release|Any CPU
	EndGlobalSection
	GlobalSection(ProjectConfigurationPlatforms) = postSolution
		{FA052CBA-1498-4B35-A218-F76827A22D7F}.Debug|Any CPU.ActiveCfg = Debug|Any CPU
		{FA052CBA-1498-4B35-A218-F76827A22D7F}.Debug|Any CPU.Build.0 = Debug|Any CPU
		{FA052CBA-1498-4B35-A218-F76827A22D7F}.Release|Any CPU.ActiveCfg = Release|Any CPU
		{FA052CBA-1498-4B35-A218-F76827A22D7F}.Release|Any CPU.Build.0 = Release|Any CPU
	EndGlobalSection
	GlobalSection(SolutionProperties) = preSolution
		HideSolutionNode = FALSE
	EndGlobalSection
	GlobalSection(ExtensibilityGlobals) = postSolution
		SolutionGuid = {D4A71806-A396-45F1-8CBE-8518CE60B668}
	EndGlobalSection
EndGlobal
